
Microsoft Visual Studio Solution File, Format Version 12.00
# Visual Studio Version 17
VisualStudioVersion = 17.9.34728.123
MinimumVisualStudioVersion = 10.0.40219.1
Project("{9A19103F-16F7-4668-BE54-9A1E7A4F7556}") = "PutuuTechnology", "PutuuTechnology\PutuuTechnology.csproj", "{170FE508-717D-4BCD-BC38-8490CD1629D9}"
EndProject
Project("{9A19103F-16F7-4668-BE54-9A1E7A4F7556}") = "BorderQuarantineManagement", "BorderQuarantineManagement\BorderQuarantineManagement.csproj", "{ED833827-28AE-4231-9AB4-A081A5BDA1CC}"
EndProject
Project("{9A19103F-16F7-4668-BE54-9A1E7A4F7556}") = "SunpowerSolutions.Web", "SunpowerSolutions.Web\SunpowerSolutions.Web.csproj", "{4889C13C-D089-4C79-B22E-94A9E82F4864}"
EndProject
Project("{FAE04EC0-301F-11D3-BF4B-00C04F79EFBC}") = "StringBuilders.Web", "StringBuilders.Web\StringBuilders.Web.csproj", "{A799E317-88B4-4EF6-81C3-A244F5EF69C3}"
EndProject
Global
	GlobalSection(SolutionConfigurationPlatforms) = preSolution
		Debug|Any CPU = Debug|Any CPU
		Release|Any CPU = Release|Any CPU
	EndGlobalSection
	GlobalSection(ProjectConfigurationPlatforms) = postSolution
		{170FE508-717D-4BCD-BC38-8490CD1629D9}.Debug|Any CPU.ActiveCfg = Debug|Any CPU
		{170FE508-717D-4BCD-BC38-8490CD1629D9}.Debug|Any CPU.Build.0 = Debug|Any CPU
		{170FE508-717D-4BCD-BC38-8490CD1629D9}.Release|Any CPU.ActiveCfg = Release|Any CPU
		{170FE508-717D-4BCD-BC38-8490CD1629D9}.Release|Any CPU.Build.0 = Release|Any CPU
		{ED833827-28AE-4231-9AB4-A081A5BDA1CC}.Debug|Any CPU.ActiveCfg = Debug|Any CPU
		{ED833827-28AE-4231-9AB4-A081A5BDA1CC}.Debug|Any CPU.Build.0 = Debug|Any CPU
		{ED833827-28AE-4231-9AB4-A081A5BDA1CC}.Release|Any CPU.ActiveCfg = Release|Any CPU
		{ED833827-28AE-4231-9AB4-A081A5BDA1CC}.Release|Any CPU.Build.0 = Release|Any CPU
		{4889C13C-D089-4C79-B22E-94A9E82F4864}.Debug|Any CPU.ActiveCfg = Debug|Any CPU
		{4889C13C-D089-4C79-B22E-94A9E82F4864}.Debug|Any CPU.Build.0 = Debug|Any CPU
		{4889C13C-D089-4C79-B22E-94A9E82F4864}.Release|Any CPU.ActiveCfg = Release|Any CPU
		{4889C13C-D089-4C79-B22E-94A9E82F4864}.Release|Any CPU.Build.0 = Release|Any CPU
		{A799E317-88B4-4EF6-81C3-A244F5EF69C3}.Debug|Any CPU.ActiveCfg = Debug|Any CPU
		{A799E317-88B4-4EF6-81C3-A244F5EF69C3}.Debug|Any CPU.Build.0 = Debug|Any CPU
		{A799E317-88B4-4EF6-81C3-A244F5EF69C3}.Release|Any CPU.ActiveCfg = Release|Any CPU
		{A799E317-88B4-4EF6-81C3-A244F5EF69C3}.Release|Any CPU.Build.0 = Release|Any CPU
	EndGlobalSection
	GlobalSection(SolutionProperties) = preSolution
		HideSolutionNode = FALSE
	EndGlobalSection
	GlobalSection(ExtensibilityGlobals) = postSolution
		SolutionGuid = {37EAC931-4E26-40E5-A88A-0805CCA31640}
	EndGlobalSection
EndGlobal
